
Microsoft Visual Studio Solution File, Format Version 12.00
# Visual Studio Version 17
VisualStudioVersion = 17.13.35825.156 d17.13
MinimumVisualStudioVersion = 10.0.40219.1
Project("{FAE04EC0-301F-11D3-BF4B-00C04F79EFBC}") = "Lesson3_ASP_Net5", "Lesson3_ASP_Net5\Lesson3_ASP_Net5.csproj", "{904C1663-7975-4EA2-A812-7611D8CDEFD8}"
EndProject
Project("{FAE04EC0-301F-11D3-BF4B-00C04F79EFBC}") = "Lesson3_ASP_Net6", "Lesson3_ASP_Net6\Lesson3_ASP_Net6.csproj", "{6134FB14-3821-425F-9602-E6CD794DBDF7}"
EndProject
Global
	GlobalSection(SolutionConfigurationPlatforms) = preSolution
		Debug|Any CPU = Debug|Any CPU
		Release|Any CPU = Release|Any CPU
	EndGlobalSection
	GlobalSection(ProjectConfigurationPlatforms) = postSolution
		{904C1663-7975-4EA2-A812-7611D8CDEFD8}.Debug|Any CPU.ActiveCfg = Debug|Any CPU
		{904C1663-7975-4EA2-A812-7611D8CDEFD8}.Debug|Any CPU.Build.0 = Debug|Any CPU
		{904C1663-7975-4EA2-A812-7611D8CDEFD8}.Release|Any CPU.ActiveCfg = Release|Any CPU
		{904C1663-7975-4EA2-A812-7611D8CDEFD8}.Release|Any CPU.Build.0 = Release|Any CPU
		{6134FB14-3821-425F-9602-E6CD794DBDF7}.Debug|Any CPU.ActiveCfg = Debug|Any CPU
		{6134FB14-3821-425F-9602-E6CD794DBDF7}.Debug|Any CPU.Build.0 = Debug|Any CPU
		{6134FB14-3821-425F-9602-E6CD794DBDF7}.Release|Any CPU.ActiveCfg = Release|Any CPU
		{6134FB14-3821-425F-9602-E6CD794DBDF7}.Release|Any CPU.Build.0 = Release|Any CPU
	EndGlobalSection
	GlobalSection(SolutionProperties) = preSolution
		HideSolutionNode = FALSE
	EndGlobalSection
	GlobalSection(ExtensibilityGlobals) = postSolution
		SolutionGuid = {28B52EEC-7B0D-428F-860E-530C565CE107}
	EndGlobalSection
EndGlobal
